
Microsoft Visual Studio Solution File, Format Version 12.00
# Visual Studio 15
VisualStudioVersion = 15.0.28307.421
MinimumVisualStudioVersion = 10.0.40219.1
Project("{9A19103F-16F7-4668-BE54-9A1E7A4F7556}") = "Intermediate", "Intermediate\Intermediate.csproj", "{5E4109C7-3E35-47B0-8B14-4017CA58F0B0}"
EndProject
Project("{9A19103F-16F7-4668-BE54-9A1E7A4F7556}") = "Constructors", "Constructors\Constructors.csproj", "{82F5512A-DD9E-4BC7-B133-2CAD455BFB20}"
EndProject
Project("{9A19103F-16F7-4668-BE54-9A1E7A4F7556}") = "Methods", "Methods\Methods.csproj", "{18F37174-C4A2-48E1-97CD-9AD796F6EF35}"
EndProject
Project("{9A19103F-16F7-4668-BE54-9A1E7A4F7556}") = "Fields", "Fields\Fields.csproj", "{5189978B-9661-4C9B-BCA8-98DF9BA5ED87}"
EndProject
Project("{9A19103F-16F7-4668-BE54-9A1E7A4F7556}") = "AccessModifiers", "AccessModifiers\AccessModifiers.csproj", "{4A427750-B903-4224-94BF-003402B86F14}"
EndProject
Project("{9A19103F-16F7-4668-BE54-9A1E7A4F7556}") = "Properties", "Properties\Properties.csproj", "{FEA8038B-6788-45F6-824A-0525948744E6}"
EndProject
Project("{9A19103F-16F7-4668-BE54-9A1E7A4F7556}") = "Indexers", "Indexers\Indexers.csproj", "{2A91218B-185E-4955-9D81-2C4BDE8E8A8D}"
EndProject
Project("{9A19103F-16F7-4668-BE54-9A1E7A4F7556}") = "Inheritance", "Inheritance\Inheritance.csproj", "{8EA4D826-6EF6-4F92-9B1D-E15DCB0FCD8C}"
EndProject
Project("{9A19103F-16F7-4668-BE54-9A1E7A4F7556}") = "Composition", "Composition\Composition.csproj", "{BD74784E-81D3-4E6F-9A47-8DE981D4E4E2}"
EndProject
Project("{9A19103F-16F7-4668-BE54-9A1E7A4F7556}") = "AccessModifiers2", "AccessModifiers2\AccessModifiers2.csproj", "{B976AECF-E1B1-47D7-BAC4-36702E308AFA}"
EndProject
Project("{9A19103F-16F7-4668-BE54-9A1E7A4F7556}") = "ConstructorsandInheritance", "ConstructorsandInheritance\ConstructorsandInheritance.csproj", "{1B26C49D-62CB-4494-ABEC-4088AC34BB11}"
EndProject
Project("{9A19103F-16F7-4668-BE54-9A1E7A4F7556}") = "UpcastingandDowncasting", "UpcastingandDowncasting\UpcastingandDowncasting.csproj", "{6759E3BB-606C-49C3-B350-723BF7A88C34}"
EndProject
Project("{9A19103F-16F7-4668-BE54-9A1E7A4F7556}") = "Overridings", "Overridings\Overridings.csproj", "{4A26DE4A-79DF-4539-A6F4-3D0892BC8B4B}"
EndProject
Project("{9A19103F-16F7-4668-BE54-9A1E7A4F7556}") = "Abstracts", "Abstracts\Abstracts.csproj", "{93A67D74-86CB-4D13-B2DE-E37D476271E1}"
EndProject
Project("{FAE04EC0-301F-11D3-BF4B-00C04F79EFBC}") = "InterfacesAndTestability", "InterfacesAndTestability\InterfacesAndTestability.csproj", "{A772CE42-90A8-4CE1-8AA9-F610A1370689}"
EndProject
Project("{FAE04EC0-301F-11D3-BF4B-00C04F79EFBC}") = "Testability.UnitTests", "Testability.UnitTests\Testability.UnitTests.csproj", "{D50EAEBC-079E-49F3-BD4D-612EEA2C12DC}"
EndProject
Global
	GlobalSection(SolutionConfigurationPlatforms) = preSolution
		Debug|Any CPU = Debug|Any CPU
		Release|Any CPU = Release|Any CPU
	EndGlobalSection
	GlobalSection(ProjectConfigurationPlatforms) = postSolution
		{5E4109C7-3E35-47B0-8B14-4017CA58F0B0}.Debug|Any CPU.ActiveCfg = Debug|Any CPU
		{5E4109C7-3E35-47B0-8B14-4017CA58F0B0}.Debug|Any CPU.Build.0 = Debug|Any CPU
		{5E4109C7-3E35-47B0-8B14-4017CA58F0B0}.Release|Any CPU.ActiveCfg = Release|Any CPU
		{5E4109C7-3E35-47B0-8B14-4017CA58F0B0}.Release|Any CPU.Build.0 = Release|Any CPU
		{82F5512A-DD9E-4BC7-B133-2CAD455BFB20}.Debug|Any CPU.ActiveCfg = Debug|Any CPU
		{82F5512A-DD9E-4BC7-B133-2CAD455BFB20}.Debug|Any CPU.Build.0 = Debug|Any CPU
		{82F5512A-DD9E-4BC7-B133-2CAD455BFB20}.Release|Any CPU.ActiveCfg = Release|Any CPU
		{82F5512A-DD9E-4BC7-B133-2CAD455BFB20}.Release|Any CPU.Build.0 = Release|Any CPU
		{18F37174-C4A2-48E1-97CD-9AD796F6EF35}.Debug|Any CPU.ActiveCfg = Debug|Any CPU
		{18F37174-C4A2-48E1-97CD-9AD796F6EF35}.Debug|Any CPU.Build.0 = Debug|Any CPU
		{18F37174-C4A2-48E1-97CD-9AD796F6EF35}.Release|Any CPU.ActiveCfg = Release|Any CPU
		{18F37174-C4A2-48E1-97CD-9AD796F6EF35}.Release|Any CPU.Build.0 = Release|Any CPU
		{5189978B-9661-4C9B-BCA8-98DF9BA5ED87}.Debug|Any CPU.ActiveCfg = Debug|Any CPU
		{5189978B-9661-4C9B-BCA8-98DF9BA5ED87}.Debug|Any CPU.Build.0 = Debug|Any CPU
		{5189978B-9661-4C9B-BCA8-98DF9BA5ED87}.Release|Any CPU.ActiveCfg = Release|Any CPU
		{5189978B-9661-4C9B-BCA8-98DF9BA5ED87}.Release|Any CPU.Build.0 = Release|Any CPU
		{4A427750-B903-4224-94BF-003402B86F14}.Debug|Any CPU.ActiveCfg = Debug|Any CPU
		{4A427750-B903-4224-94BF-003402B86F14}.Debug|Any CPU.Build.0 = Debug|Any CPU
		{4A427750-B903-4224-94BF-003402B86F14}.Release|Any CPU.ActiveCfg = Release|Any CPU
		{4A427750-B903-4224-94BF-003402B86F14}.Release|Any CPU.Build.0 = Release|Any CPU
		{FEA8038B-6788-45F6-824A-0525948744E6}.Debug|Any CPU.ActiveCfg = Debug|Any CPU
		{FEA8038B-6788-45F6-824A-0525948744E6}.Debug|Any CPU.Build.0 = Debug|Any CPU
		{FEA8038B-6788-45F6-824A-0525948744E6}.Release|Any CPU.ActiveCfg = Release|Any CPU
		{FEA8038B-6788-45F6-824A-0525948744E6}.Release|Any CPU.Build.0 = Release|Any CPU
		{2A91218B-185E-4955-9D81-2C4BDE8E8A8D}.Debug|Any CPU.ActiveCfg = Debug|Any CPU
		{2A91218B-185E-4955-9D81-2C4BDE8E8A8D}.Debug|Any CPU.Build.0 = Debug|Any CPU
		{2A91218B-185E-4955-9D81-2C4BDE8E8A8D}.Release|Any CPU.ActiveCfg = Release|Any CPU
		{2A91218B-185E-4955-9D81-2C4BDE8E8A8D}.Release|Any CPU.Build.0 = Release|Any CPU
		{8EA4D826-6EF6-4F92-9B1D-E15DCB0FCD8C}.Debug|Any CPU.ActiveCfg = Debug|Any CPU
		{8EA4D826-6EF6-4F92-9B1D-E15DCB0FCD8C}.Debug|Any CPU.Build.0 = Debug|Any CPU
		{8EA4D826-6EF6-4F92-9B1D-E15DCB0FCD8C}.Release|Any CPU.ActiveCfg = Release|Any CPU
		{8EA4D826-6EF6-4F92-9B1D-E15DCB0FCD8C}.Release|Any CPU.Build.0 = Release|Any CPU
		{BD74784E-81D3-4E6F-9A47-8DE981D4E4E2}.Debug|Any CPU.ActiveCfg = Debug|Any CPU
		{BD74784E-81D3-4E6F-9A47-8DE981D4E4E2}.Debug|Any CPU.Build.0 = Debug|Any CPU
		{BD74784E-81D3-4E6F-9A47-8DE981D4E4E2}.Release|Any CPU.ActiveCfg = Release|Any CPU
		{BD74784E-81D3-4E6F-9A47-8DE981D4E4E2}.Release|Any CPU.Build.0 = Release|Any CPU
		{B976AECF-E1B1-47D7-BAC4-36702E308AFA}.Debug|Any CPU.ActiveCfg = Debug|Any CPU
		{B976AECF-E1B1-47D7-BAC4-36702E308AFA}.Debug|Any CPU.Build.0 = Debug|Any CPU
		{B976AECF-E1B1-47D7-BAC4-36702E308AFA}.Release|Any CPU.ActiveCfg = Release|Any CPU
		{B976AECF-E1B1-47D7-BAC4-36702E308AFA}.Release|Any CPU.Build.0 = Release|Any CPU
		{1B26C49D-62CB-4494-ABEC-4088AC34BB11}.Debug|Any CPU.ActiveCfg = Debug|Any CPU
		{1B26C49D-62CB-4494-ABEC-4088AC34BB11}.Debug|Any CPU.Build.0 = Debug|Any CPU
		{1B26C49D-62CB-4494-ABEC-4088AC34BB11}.Release|Any CPU.ActiveCfg = Release|Any CPU
		{1B26C49D-62CB-4494-ABEC-4088AC34BB11}.Release|Any CPU.Build.0 = Release|Any CPU
		{6759E3BB-606C-49C3-B350-723BF7A88C34}.Debug|Any CPU.ActiveCfg = Debug|Any CPU
		{6759E3BB-606C-49C3-B350-723BF7A88C34}.Debug|Any CPU.Build.0 = Debug|Any CPU
		{6759E3BB-606C-49C3-B350-723BF7A88C34}.Release|Any CPU.ActiveCfg = Release|Any CPU
		{6759E3BB-606C-49C3-B350-723BF7A88C34}.Release|Any CPU.Build.0 = Release|Any CPU
		{4A26DE4A-79DF-4539-A6F4-3D0892BC8B4B}.Debug|Any CPU.ActiveCfg = Debug|Any CPU
		{4A26DE4A-79DF-4539-A6F4-3D0892BC8B4B}.Debug|Any CPU.Build.0 = Debug|Any CPU
		{4A26DE4A-79DF-4539-A6F4-3D0892BC8B4B}.Release|Any CPU.ActiveCfg = Release|Any CPU
		{4A26DE4A-79DF-4539-A6F4-3D0892BC8B4B}.Release|Any CPU.Build.0 = Release|Any CPU
		{93A67D74-86CB-4D13-B2DE-E37D476271E1}.Debug|Any CPU.ActiveCfg = Debug|Any CPU
		{93A67D74-86CB-4D13-B2DE-E37D476271E1}.Debug|Any CPU.Build.0 = Debug|Any CPU
		{93A67D74-86CB-4D13-B2DE-E37D476271E1}.Release|Any CPU.ActiveCfg = Release|Any CPU
		{93A67D74-86CB-4D13-B2DE-E37D476271E1}.Release|Any CPU.Build.0 = Release|Any CPU
		{A772CE42-90A8-4CE1-8AA9-F610A1370689}.Debug|Any CPU.ActiveCfg = Debug|Any CPU
		{A772CE42-90A8-4CE1-8AA9-F610A1370689}.Debug|Any CPU.Build.0 = Debug|Any CPU
		{A772CE42-90A8-4CE1-8AA9-F610A1370689}.Release|Any CPU.ActiveCfg = Release|Any CPU
		{A772CE42-90A8-4CE1-8AA9-F610A1370689}.Release|Any CPU.Build.0 = Release|Any CPU
		{D50EAEBC-079E-49F3-BD4D-612EEA2C12DC}.Debug|Any CPU.ActiveCfg = Debug|Any CPU
		{D50EAEBC-079E-49F3-BD4D-612EEA2C12DC}.Debug|Any CPU.Build.0 = Debug|Any CPU
		{D50EAEBC-079E-49F3-BD4D-612EEA2C12DC}.Release|Any CPU.ActiveCfg = Release|Any CPU
		{D50EAEBC-079E-49F3-BD4D-612EEA2C12DC}.Release|Any CPU.Build.0 = Release|Any CPU
	EndGlobalSection
	GlobalSection(SolutionProperties) = preSolution
		HideSolutionNode = FALSE
	EndGlobalSection
	GlobalSection(ExtensibilityGlobals) = postSolution
		SolutionGuid = {C169447E-3C1F-459E-A69D-3B6C3AA6AE75}
	EndGlobalSection
EndGlobal
